// !$*UTF8*$!
{
	archiveVersion = 1;
	classes = {
	};
	objectVersion = 50;
	objects = {

/* Begin PBXBuildFile section */
		EB6D10CC24632DB000A2F0EC /* AppDelegate.swift in Sources */ = {isa = PBXBuildFile; fileRef = EB6D10CB24632DB000A2F0EC /* AppDelegate.swift */; };
		EB6D10CE24632DB000A2F0EC /* SceneDelegate.swift in Sources */ = {isa = PBXBuildFile; fileRef = EB6D10CD24632DB000A2F0EC /* SceneDelegate.swift */; };
		EB6D10D324632DB000A2F0EC /* Main.storyboard in Resources */ = {isa = PBXBuildFile; fileRef = EB6D10D124632DB000A2F0EC /* Main.storyboard */; };
		EB6D10D524632DBB00A2F0EC /* Assets.xcassets in Resources */ = {isa = PBXBuildFile; fileRef = EB6D10D424632DBB00A2F0EC /* Assets.xcassets */; };
		EB6D10D824632DBB00A2F0EC /* LaunchScreen.storyboard in Resources */ = {isa = PBXBuildFile; fileRef = EB6D10D624632DBB00A2F0EC /* LaunchScreen.storyboard */; };
		EB6D10E424632F6100A2F0EC /* GigsTableViewController.swift in Sources */ = {isa = PBXBuildFile; fileRef = EB6D10E324632F6100A2F0EC /* GigsTableViewController.swift */; };
		EB6D10E624633B3600A2F0EC /* LoginViewController.swift in Sources */ = {isa = PBXBuildFile; fileRef = EB6D10E524633B3600A2F0EC /* LoginViewController.swift */; };
/* End PBXBuildFile section */

/* Begin PBXFileReference section */
		EB6D10C824632DB000A2F0EC /* ios-gigs.app */ = {isa = PBXFileReference; explicitFileType = wrapper.application; includeInIndex = 0; path = "ios-gigs.app"; sourceTree = BUILT_PRODUCTS_DIR; };
		EB6D10CB24632DB000A2F0EC /* AppDelegate.swift */ = {isa = PBXFileReference; lastKnownFileType = sourcecode.swift; path = AppDelegate.swift; sourceTree = "<group>"; };
		EB6D10CD24632DB000A2F0EC /* SceneDelegate.swift */ = {isa = PBXFileReference; lastKnownFileType = sourcecode.swift; path = SceneDelegate.swift; sourceTree = "<group>"; };
		EB6D10D224632DB000A2F0EC /* Base */ = {isa = PBXFileReference; lastKnownFileType = file.storyboard; name = Base; path = Base.lproj/Main.storyboard; sourceTree = "<group>"; };
		EB6D10D424632DBB00A2F0EC /* Assets.xcassets */ = {isa = PBXFileReference; lastKnownFileType = folder.assetcatalog; path = Assets.xcassets; sourceTree = "<group>"; };
		EB6D10D724632DBB00A2F0EC /* Base */ = {isa = PBXFileReference; lastKnownFileType = file.storyboard; name = Base; path = Base.lproj/LaunchScreen.storyboard; sourceTree = "<group>"; };
		EB6D10D924632DBB00A2F0EC /* Info.plist */ = {isa = PBXFileReference; lastKnownFileType = text.plist.xml; path = Info.plist; sourceTree = "<group>"; };
		EB6D10E324632F6100A2F0EC /* GigsTableViewController.swift */ = {isa = PBXFileReference; lastKnownFileType = sourcecode.swift; path = GigsTableViewController.swift; sourceTree = "<group>"; };
		EB6D10E524633B3600A2F0EC /* LoginViewController.swift */ = {isa = PBXFileReference; lastKnownFileType = sourcecode.swift; path = LoginViewController.swift; sourceTree = "<group>"; };
/* End PBXFileReference section */

/* Begin PBXFrameworksBuildPhase section */
		EB6D10C524632DB000A2F0EC /* Frameworks */ = {
			isa = PBXFrameworksBuildPhase;
			buildActionMask = 2147483647;
			files = (
			);
			runOnlyForDeploymentPostprocessing = 0;
		};
/* End PBXFrameworksBuildPhase section */

/* Begin PBXGroup section */
		EB6D10BF24632DB000A2F0EC = {
			isa = PBXGroup;
			children = (
				EB6D10CA24632DB000A2F0EC /* ios-gigs */,
				EB6D10C924632DB000A2F0EC /* Products */,
			);
			sourceTree = "<group>";
		};
		EB6D10C924632DB000A2F0EC /* Products */ = {
			isa = PBXGroup;
			children = (
				EB6D10C824632DB000A2F0EC /* ios-gigs.app */,
			);
			name = Products;
			sourceTree = "<group>";
		};
		EB6D10CA24632DB000A2F0EC /* ios-gigs */ = {
			isa = PBXGroup;
			children = (
				EB6D10E224632E8400A2F0EC /* API Controller */,
				EB6D10E124632E7500A2F0EC /* Model */,
				EB6D10E024632E6200A2F0EC /* View Controller */,
				EB6D10DF24632E5700A2F0EC /* View */,
				EB6D10CB24632DB000A2F0EC /* AppDelegate.swift */,
				EB6D10CD24632DB000A2F0EC /* SceneDelegate.swift */,
				EB6D10D124632DB000A2F0EC /* Main.storyboard */,
				EB6D10D424632DBB00A2F0EC /* Assets.xcassets */,
				EB6D10D624632DBB00A2F0EC /* LaunchScreen.storyboard */,
				EB6D10D924632DBB00A2F0EC /* Info.plist */,
			);
			path = "ios-gigs";
			sourceTree = "<group>";
		};
		EB6D10DF24632E5700A2F0EC /* View */ = {
			isa = PBXGroup;
			children = (
			);
			path = View;
			sourceTree = "<group>";
		};
		EB6D10E024632E6200A2F0EC /* View Controller */ = {
			isa = PBXGroup;
			children = (
				EB6D10E324632F6100A2F0EC /* GigsTableViewController.swift */,
				EB6D10E524633B3600A2F0EC /* LoginViewController.swift */,
			);
			path = "View Controller";
			sourceTree = "<group>";
		};
		EB6D10E124632E7500A2F0EC /* Model */ = {
			isa = PBXGroup;
			children = (
			);
			path = Model;
			sourceTree = "<group>";
		};
		EB6D10E224632E8400A2F0EC /* API Controller */ = {
			isa = PBXGroup;
			children = (
			);
			path = "API Controller";
			sourceTree = "<group>";
		};
/* End PBXGroup section */

/* Begin PBXNativeTarget section */
		EB6D10C724632DB000A2F0EC /* ios-gigs */ = {
			isa = PBXNativeTarget;
			buildConfigurationList = EB6D10DC24632DBB00A2F0EC /* Build configuration list for PBXNativeTarget "ios-gigs" */;
			buildPhases = (
				EB6D10C424632DB000A2F0EC /* Sources */,
				EB6D10C524632DB000A2F0EC /* Frameworks */,
				EB6D10C624632DB000A2F0EC /* Resources */,
			);
			buildRules = (
			);
			dependencies = (
			);
			name = "ios-gigs";
			productName = "ios-gigs";
			productReference = EB6D10C824632DB000A2F0EC /* ios-gigs.app */;
			productType = "com.apple.product-type.application";
		};
/* End PBXNativeTarget section */

/* Begin PBXProject section */
		EB6D10C024632DB000A2F0EC /* Project object */ = {
			isa = PBXProject;
			attributes = {
				LastSwiftUpdateCheck = 1140;
				LastUpgradeCheck = 1140;
				ORGANIZATIONNAME = "Iyin Raphael";
				TargetAttributes = {
					EB6D10C724632DB000A2F0EC = {
						CreatedOnToolsVersion = 11.4;
					};
				};
			};
			buildConfigurationList = EB6D10C324632DB000A2F0EC /* Build configuration list for PBXProject "ios-gigs" */;
			compatibilityVersion = "Xcode 9.3";
			developmentRegion = en;
			hasScannedForEncodings = 0;
			knownRegions = (
				en,
				Base,
			);
			mainGroup = EB6D10BF24632DB000A2F0EC;
			productRefGroup = EB6D10C924632DB000A2F0EC /* Products */;
			projectDirPath = "";
			projectRoot = "";
			targets = (
				EB6D10C724632DB000A2F0EC /* ios-gigs */,
			);
		};
/* End PBXProject section */

/* Begin PBXResourcesBuildPhase section */
		EB6D10C624632DB000A2F0EC /* Resources */ = {
			isa = PBXResourcesBuildPhase;
			buildActionMask = 2147483647;
			files = (
				EB6D10D824632DBB00A2F0EC /* LaunchScreen.storyboard in Resources */,
				EB6D10D524632DBB00A2F0EC /* Assets.xcassets in Resources */,
				EB6D10D324632DB000A2F0EC /* Main.storyboard in Resources */,
			);
			runOnlyForDeploymentPostprocessing = 0;
		};
/* End PBXResourcesBuildPhase section */

/* Begin PBXSourcesBuildPhase section */
		EB6D10C424632DB000A2F0EC /* Sources */ = {
			isa = PBXSourcesBuildPhase;
			buildActionMask = 2147483647;
			files = (
				EB6D10E624633B3600A2F0EC /* LoginViewController.swift in Sources */,
				EB6D10CC24632DB000A2F0EC /* AppDelegate.swift in Sources */,
				EB6D10CE24632DB000A2F0EC /* SceneDelegate.swift in Sources */,
				EB6D10E424632F6100A2F0EC /* GigsTableViewController.swift in Sources */,
			);
			runOnlyForDeploymentPostprocessing = 0;
		};
/* End PBXSourcesBuildPhase section */

/* Begin PBXVariantGroup section */
		EB6D10D124632DB000A2F0EC /* Main.storyboard */ = {
			isa = PBXVariantGroup;
			children = (
				EB6D10D224632DB000A2F0EC /* Base */,
			);
			name = Main.storyboard;
			sourceTree = "<group>";
		};
		EB6D10D624632DBB00A2F0EC /* LaunchScreen.storyboard */ = {
			isa = PBXVariantGroup;
			children = (
				EB6D10D724632DBB00A2F0EC /* Base */,
			);
			name = LaunchScreen.storyboard;
			sourceTree = "<group>";
		};
/* End PBXVariantGroup section */

/* Begin XCBuildConfiguration section */
		EB6D10DA24632DBB00A2F0EC /* Debug */ = {
			isa = XCBuildConfiguration;
			buildSettings = {
				ALWAYS_SEARCH_USER_PATHS = NO;
				CLANG_ANALYZER_NONNULL = YES;
				CLANG_ANALYZER_NUMBER_OBJECT_CONVERSION = YES_AGGRESSIVE;
				CLANG_CXX_LANGUAGE_STANDARD = "gnu++14";
				CLANG_CXX_LIBRARY = "libc++";
				CLANG_ENABLE_MODULES = YES;
				CLANG_ENABLE_OBJC_ARC = YES;
				CLANG_ENABLE_OBJC_WEAK = YES;
				CLANG_WARN_BLOCK_CAPTURE_AUTORELEASING = YES;
				CLANG_WARN_BOOL_CONVERSION = YES;
				CLANG_WARN_COMMA = YES;
				CLANG_WARN_CONSTANT_CONVERSION = YES;
				CLANG_WARN_DEPRECATED_OBJC_IMPLEMENTATIONS = YES;
				CLANG_WARN_DIRECT_OBJC_ISA_USAGE = YES_ERROR;
				CLANG_WARN_DOCUMENTATION_COMMENTS = YES;
				CLANG_WARN_EMPTY_BODY = YES;
				CLANG_WARN_ENUM_CONVERSION = YES;
				CLANG_WARN_INFINITE_RECURSION = YES;
				CLANG_WARN_INT_CONVERSION = YES;
				CLANG_WARN_NON_LITERAL_NULL_CONVERSION = YES;
				CLANG_WARN_OBJC_IMPLICIT_RETAIN_SELF = YES;
				CLANG_WARN_OBJC_LITERAL_CONVERSION = YES;
				CLANG_WARN_OBJC_ROOT_CLASS = YES_ERROR;
				CLANG_WARN_RANGE_LOOP_ANALYSIS = YES;
				CLANG_WARN_STRICT_PROTOTYPES = YES;
				CLANG_WARN_SUSPICIOUS_MOVE = YES;
				CLANG_WARN_UNGUARDED_AVAILABILITY = YES_AGGRESSIVE;
				CLANG_WARN_UNREACHABLE_CODE = YES;
				CLANG_WARN__DUPLICATE_METHOD_MATCH = YES;
				COPY_PHASE_STRIP = NO;
				DEBUG_INFORMATION_FORMAT = dwarf;
				ENABLE_STRICT_OBJC_MSGSEND = YES;
				ENABLE_TESTABILITY = YES;
				GCC_C_LANGUAGE_STANDARD = gnu11;
				GCC_DYNAMIC_NO_PIC = NO;
				GCC_NO_COMMON_BLOCKS = YES;
				GCC_OPTIMIZATION_LEVEL = 0;
				GCC_PREPROCESSOR_DEFINITIONS = (
					"DEBUG=1",
					"$(inherited)",
				);
				GCC_WARN_64_TO_32_BIT_CONVERSION = YES;
				GCC_WARN_ABOUT_RETURN_TYPE = YES_ERROR;
				GCC_WARN_UNDECLARED_SELECTOR = YES;
				GCC_WARN_UNINITIALIZED_AUTOS = YES_AGGRESSIVE;
				GCC_WARN_UNUSED_FUNCTION = YES;
				GCC_WARN_UNUSED_VARIABLE = YES;
				IPHONEOS_DEPLOYMENT_TARGET = 13.4;
				MTL_ENABLE_DEBUG_INFO = INCLUDE_SOURCE;
				MTL_FAST_MATH = YES;
				ONLY_ACTIVE_ARCH = YES;
				SDKROOT = iphoneos;
				SWIFT_ACTIVE_COMPILATION_CONDITIONS = DEBUG;
				SWIFT_OPTIMIZATION_LEVEL = "-Onone";
			};
			name = Debug;
		};
		EB6D10DB24632DBB00A2F0EC /* Release */ = {
			isa = XCBuildConfiguration;
			buildSettings = {
				ALWAYS_SEARCH_USER_PATHS = NO;
				CLANG_ANALYZER_NONNULL = YES;
				CLANG_ANALYZER_NUMBER_OBJECT_CONVERSION = YES_AGGRESSIVE;
				CLANG_CXX_LANGUAGE_STANDARD = "gnu++14";
				CLANG_CXX_LIBRARY = "libc++";
				CLANG_ENABLE_MODULES = YES;
				CLANG_ENABLE_OBJC_ARC = YES;
				CLANG_ENABLE_OBJC_WEAK = YES;
				CLANG_WARN_BLOCK_CAPTURE_AUTORELEASING = YES;
				CLANG_WARN_BOOL_CONVERSION = YES;
				CLANG_WARN_COMMA = YES;
				CLANG_WARN_CONSTANT_CONVERSION = YES;
				CLANG_WARN_DEPRECATED_OBJC_IMPLEMENTATIONS = YES;
				CLANG_WARN_DIRECT_OBJC_ISA_USAGE = YES_ERROR;
				CLANG_WARN_DOCUMENTATION_COMMENTS = YES;
				CLANG_WARN_EMPTY_BODY = YES;
				CLANG_WARN_ENUM_CONVERSION = YES;
				CLANG_WARN_INFINITE_RECURSION = YES;
				CLANG_WARN_INT_CONVERSION = YES;
				CLANG_WARN_NON_LITERAL_NULL_CONVERSION = YES;
				CLANG_WARN_OBJC_IMPLICIT_RETAIN_SELF = YES;
				CLANG_WARN_OBJC_LITERAL_CONVERSION = YES;
				CLANG_WARN_OBJC_ROOT_CLASS = YES_ERROR;
				CLANG_WARN_RANGE_LOOP_ANALYSIS = YES;
				CLANG_WARN_STRICT_PROTOTYPES = YES;
				CLANG_WARN_SUSPICIOUS_MOVE = YES;
				CLANG_WARN_UNGUARDED_AVAILABILITY = YES_AGGRESSIVE;
				CLANG_WARN_UNREACHABLE_CODE = YES;
				CLANG_WARN__DUPLICATE_METHOD_MATCH = YES;
				COPY_PHASE_STRIP = NO;
				DEBUG_INFORMATION_FORMAT = "dwarf-with-dsym";
				ENABLE_NS_ASSERTIONS = NO;
				ENABLE_STRICT_OBJC_MSGSEND = YES;
				GCC_C_LANGUAGE_STANDARD = gnu11;
				GCC_NO_COMMON_BLOCKS = YES;
				GCC_WARN_64_TO_32_BIT_CONVERSION = YES;
				GCC_WARN_ABOUT_RETURN_TYPE = YES_ERROR;
				GCC_WARN_UNDECLARED_SELECTOR = YES;
				GCC_WARN_UNINITIALIZED_AUTOS = YES_AGGRESSIVE;
				GCC_WARN_UNUSED_FUNCTION = YES;
				GCC_WARN_UNUSED_VARIABLE = YES;
				IPHONEOS_DEPLOYMENT_TARGET = 13.4;
				MTL_ENABLE_DEBUG_INFO = NO;
				MTL_FAST_MATH = YES;
				SDKROOT = iphoneos;
				SWIFT_COMPILATION_MODE = wholemodule;
				SWIFT_OPTIMIZATION_LEVEL = "-O";
				VALIDATE_PRODUCT = YES;
			};
			name = Release;
		};
		EB6D10DD24632DBB00A2F0EC /* Debug */ = {
			isa = XCBuildConfiguration;
			buildSettings = {
				ASSETCATALOG_COMPILER_APPICON_NAME = AppIcon;
				CODE_SIGN_STYLE = Automatic;
				INFOPLIST_FILE = "ios-gigs/Info.plist";
				LD_RUNPATH_SEARCH_PATHS = (
					"$(inherited)",
					"@executable_path/Frameworks",
				);
				PRODUCT_BUNDLE_IDENTIFIER = "com.iyinraphael.ios-gigs";
				PRODUCT_NAME = "$(TARGET_NAME)";
				SWIFT_VERSION = 5.0;
				TARGETED_DEVICE_FAMILY = "1,2";
			};
			name = Debug;
		};
		EB6D10DE24632DBB00A2F0EC /* Release */ = {
			isa = XCBuildConfiguration;
			buildSettings = {
				ASSETCATALOG_COMPILER_APPICON_NAME = AppIcon;
				CODE_SIGN_STYLE = Automatic;
				INFOPLIST_FILE = "ios-gigs/Info.plist";
				LD_RUNPATH_SEARCH_PATHS = (
					"$(inherited)",
					"@executable_path/Frameworks",
				);
				PRODUCT_BUNDLE_IDENTIFIER = "com.iyinraphael.ios-gigs";
				PRODUCT_NAME = "$(TARGET_NAME)";
				SWIFT_VERSION = 5.0;
				TARGETED_DEVICE_FAMILY = "1,2";
			};
			name = Release;
		};
/* End XCBuildConfiguration section */

/* Begin XCConfigurationList section */
		EB6D10C324632DB000A2F0EC /* Build configuration list for PBXProject "ios-gigs" */ = {
			isa = XCConfigurationList;
			buildConfigurations = (
				EB6D10DA24632DBB00A2F0EC /* Debug */,
				EB6D10DB24632DBB00A2F0EC /* Release */,
			);
			defaultConfigurationIsVisible = 0;
			defaultConfigurationName = Release;
		};
		EB6D10DC24632DBB00A2F0EC /* Build configuration list for PBXNativeTarget "ios-gigs" */ = {
			isa = XCConfigurationList;
			buildConfigurations = (
				EB6D10DD24632DBB00A2F0EC /* Debug */,
				EB6D10DE24632DBB00A2F0EC /* Release */,
			);
			defaultConfigurationIsVisible = 0;
			defaultConfigurationName = Release;
		};
/* End XCConfigurationList section */
	};
	rootObject = EB6D10C024632DB000A2F0EC /* Project object */;
}
